{
  "name": "dsh-go-sensei",
  "version": "0.2.8",
  "lockfileVersion": 3,
  "requires": true,
  "packages": {
    "": {
      "name": "dsh-go-sensei",
      "version": "0.2.8",
      "license": "MIT",
      "dependencies": {
        "@deepseek-ai/schemastery": "^3.18.2",
        "@sabaki/sgf": "^3.4.10",
        "iconv-lite": "^0.7.3"
      },
      "engines": {
        "node": ">=22.19"
      }
    },
    "node_modules/@deepseek-ai/cosmokit": {
      "version": "1.8.3",
      "resolved": "https://registry.npmmirror.com/@deepseek-ai/cosmokit/-/cosmokit-1.8.3.tgz",
      "integrity": "sha512-qBo+ronVM6Eu2WNVJXi8JcMiqZ19T9BRIpV+5qJUFPXjGH/Z0QKcQMC/IZJ7L394YTOtJgcovbk9qP0w2GsBXQ==",
      "license": "MIT"
    },
    "node_modules/@deepseek-ai/schemastery": {
      "version": "3.18.2",
      "resolved": "https://registry.npmmirror.com/@deepseek-ai/schemastery/-/schemastery-3.18.2.tgz",
      "integrity": "sha512-njDtZsznjYxok7KLLlHOPyuv2efdWVbSflAHgztSfbMsg+CVraEoRe2DjOCgClYv3ZCSm7WXoaUkbB/+RY7tWQ==",
      "license": "MIT",
      "dependencies": {
        "@deepseek-ai/cosmokit": "^1.8.3",
        "@standard-schema/spec": "^1.1.0"
      }
    },
    "node_modules/@sabaki/sgf": {
      "version": "3.5.0",
      "resolved": "https://registry.npmmirror.com/@sabaki/sgf/-/sgf-3.5.0.tgz",
      "integrity": "sha512-KAkgUFe/A7jc4xZtUBAhDeH6IqPYMHoKts6nXhYHNCvBud4DChJ9EpKLDCeWuVijb960FCXvhBfAy6OkdZZpfA==",
      "license": "MIT",
      "dependencies": {
        "doken": "^1.0.0"
      },
      "optionalDependencies": {
        "iconv-lite": "0.4.x",
        "jschardet": ">=1.0 <3"
      }
    },
    "node_modules/@sabaki/sgf/node_modules/iconv-lite": {
      "version": "0.4.24",
      "resolved": "https://registry.npmmirror.com/iconv-lite/-/iconv-lite-0.4.24.tgz",
      "integrity": "sha512-v3MXnZAcvnywkTUEZomIActle7RXXeedOR31wwl7VlyoXO4Qi9arvSenNQWne1TcRwhCL1HwLI21bEqdpj8/rA==",
      "license": "MIT",
      "optional": true,
      "dependencies": {
        "safer-buffer": ">= 2.1.2 < 3"
      },
      "engines": {
        "node": ">=0.10.0"
      }
    },
    "node_modules/@standard-schema/spec": {
      "version": "1.1.0",
      "resolved": "https://registry.npmmirror.com/@standard-schema/spec/-/spec-1.1.0.tgz",
      "integrity": "sha512-l2aFy5jALhniG5HgqrD6jXLi/rUWrKvqN/qJx6yoJsgKhblVd+iqqU4RCXavm/jPityDo5TCvKMnpjKnOriy0w==",
      "license": "MIT"
    },
    "node_modules/doken": {
      "version": "1.0.2",
      "resolved": "https://registry.npmmirror.com/doken/-/doken-1.0.2.tgz",
      "integrity": "sha512-JSVsMxaB5yikb6wBDQTGIcyNyUytrYQE7WGyGAC0EoFunUTV7Wag4p5JC2bXKuTfD7t847dy7TWcwyETUbYAiw==",
      "license": "MIT"
    },
    "node_modules/iconv-lite": {
      "version": "0.7.3",
      "resolved": "https://registry.npmmirror.com/iconv-lite/-/iconv-lite-0.7.3.tgz",
      "integrity": "sha512-IKXpvIzjnC9XTAUbVBcMfGS0EPaIXtW6v+zr+RRp+hqULEpo0owZax6wyRwPOJbWbzjYspQwusTsfVr0ifh4uQ==",
      "license": "MIT",
      "dependencies": {
        "safer-buffer": ">= 2.1.2 < 3.0.0"
      },
      "engines": {
        "node": ">=0.10.0"
      },
      "funding": {
        "type": "opencollective",
        "url": "https://opencollective.com/express"
      }
    },
    "node_modules/jschardet": {
      "version": "2.3.0",
      "resolved": "https://registry.npmmirror.com/jschardet/-/jschardet-2.3.0.tgz",
      "integrity": "sha512-6I6xT7XN/7sBB7q8ObzKbmv5vN+blzLcboDE1BNEsEfmRXJValMxO6OIRT69ylPBRemS3rw6US+CMCar0OBc9g==",
      "license": "LGPL-2.1+",
      "optional": true,
      "engines": {
        "node": ">=0.1.90"
      }
    },
    "node_modules/safer-buffer": {
      "version": "2.1.2",
      "resolved": "https://registry.npmmirror.com/safer-buffer/-/safer-buffer-2.1.2.tgz",
      "integrity": "sha512-YZo3K82SD7Riyi0E1EQPojLz7kpepnSQI9IyPbHHg1XXXevb5dJI7tpyN2ADxGcQbHG7vcyRHk0cbwqcQriUtg==",
      "license": "MIT"
    }
  }
}
